
Microsoft Visual Studio Solution File, Format Version 12.00
# Visual Studio Version 17
VisualStudioVersion = 17.9.34723.18
MinimumVisualStudioVersion = 10.0.40219.1
Project("{888888A0-9F3D-457C-B088-3A5042F75D52}") = "AES", "AES\AES.pyproj", "{B09F262B-97F9-476F-A461-8BE2BBE88745}"
EndProject
Global
	GlobalSection(SolutionConfigurationPlatforms) = preSolution
		Debug|Any CPU = Debug|Any CPU
		Release|Any CPU = Release|Any CPU
	EndGlobalSection
	GlobalSection(ProjectConfigurationPlatforms) = postSolution
		{B09F262B-97F9-476F-A461-8BE2BBE88745}.Debug|Any CPU.ActiveCfg = Debug|Any CPU
		{B09F262B-97F9-476F-A461-8BE2BBE88745}.Release|Any CPU.ActiveCfg = Release|Any CPU
	EndGlobalSection
	GlobalSection(SolutionProperties) = preSolution
		HideSolutionNode = FALSE
	EndGlobalSection
	GlobalSection(ExtensibilityGlobals) = postSolution
		SolutionGuid = {FEB6F6DC-9DCD-4203-878C-4B5DAB4E6FA1}
	EndGlobalSection
EndGlobal
